{
  "name": "themes",
  "lockfileVersion": 3,
  "requires": true,
  "packages": {
    "": {
      "dependencies": {
        "invalid-theme": "file:../../themes/invalid-theme"
      }
    },
    "../../themes/invalid-theme": {},
    "node_modules/invalid-theme": {
      "resolved": "../../themes/invalid-theme",
      "link": true
    }
  }
}
